<?xml version="1.0" encoding="utf-8"?>
<Project ToolsVersion="4.0" xmlns="http://schemas.microsoft.com/developer/msbuild/2003">
  <ItemGroup>
    <Filter Include="源文件">
      <UniqueIdentifier>{4FC737F1-C7A5-4376-A066-2A32D752A2FF}</UniqueIdentifier>
      <Extensions>cpp;c;cc;cxx;def;odl;idl;hpj;bat;asm;asmx</Extensions>
    </Filter>
    <Filter Include="头文件">
      <UniqueIdentifier>{93995380-89BD-4b04-88EB-625FBE52EBFB}</UniqueIdentifier>
      <Extensions>h;hpp;hxx;hm;inl;inc;xsd</Extensions>
    </Filter>
    <Filter Include="资源文件">
      <UniqueIdentifier>{67DA6AB6-F800-4c08-8B7A-83BB121AAD01}</UniqueIdentifier>
      <Extensions>rc;ico;cur;bmp;dlg;rc2;rct;bin;rgs;gif;jpg;jpeg;jpe;resx;tiff;tif;png;wav;mfcribbon-ms</Extensions>
    </Filter>
    <Filter Include="ToolCode">
      <UniqueIdentifier>{bd6bb81f-b05b-456b-9a40-ee439496b4c7}</UniqueIdentifier>
    </Filter>
    <Filter Include="TowerCad">
      <UniqueIdentifier>{8b539394-69b6-476b-bda3-787220db4d52}</UniqueIdentifier>
    </Filter>
    <Filter Include="VersionServ">
      <UniqueIdentifier>{499d94c7-348b-42ec-849c-9413c015a682}</UniqueIdentifier>
    </Filter>
  </ItemGroup>
  <ItemGroup>
    <None Include="ReadMe.txt" />
    <None Include="XhLmd.def">
      <Filter>源文件</Filter>
    </None>
    <None Include="res\XhLmd.rc2">
      <Filter>资源文件</Filter>
    </None>
    <None Include="res\bmp00137.bmp">
      <Filter>资源文件</Filter>
    </None>
    <None Include="res\bmp00136.bmp">
      <Filter>资源文件</Filter>
    </None>
    <None Include="res\bitmap4.bmp">
      <Filter>资源文件</Filter>
    </None>
    <None Include="res\bmp00138.bmp">
      <Filter>资源文件</Filter>
    </None>
  </ItemGroup>
  <ItemGroup>
    <ClCompile Include="XhLmd.cpp">
      <Filter>源文件</Filter>
    </ClCompile>
    <ClCompile Include="stdafx.cpp">
      <Filter>源文件</Filter>
    </ClCompile>
    <ClCompile Include="LicenseAuthorizeDlg.cpp">
      <Filter>源文件</Filter>
    </ClCompile>
    <ClCompile Include="LicenseServerActivatePage.cpp">
      <Filter>源文件</Filter>
    </ClCompile>
    <ClCompile Include="LicenseVirtualRentalPage.cpp">
      <Filter>源文件</Filter>
    </ClCompile>
    <ClCompile Include="LinkLabel.cpp">
      <Filter>源文件</Filter>
    </ClCompile>
    <ClCompile Include="..\..\ToolKits\TowerCad\LicFuncDef.cpp">
      <Filter>TowerCad</Filter>
    </ClCompile>
    <ClCompile Include="..\..\ToolKits\ToolCode\XhCharString.cpp">
      <Filter>ToolCode</Filter>
    </ClCompile>
    <ClCompile Include="..\..\ToolKits\ToolCode\Buffer.cpp">
      <Filter>ToolCode</Filter>
    </ClCompile>
    <ClCompile Include="..\..\ToolKits\ToolCode\Communication.cpp">
      <Filter>ToolCode</Filter>
    </ClCompile>
    <ClCompile Include="..\..\ToolKits\ToolCode\TempFile.cpp">
      <Filter>ToolCode</Filter>
    </ClCompile>
    <ClCompile Include="..\..\ToolKits\ToolCode\SocketObject.cpp">
      <Filter>ToolCode</Filter>
    </ClCompile>
    <ClCompile Include="..\..\ToolKits\ToolCode\WxPayAPI.cpp">
      <Filter>ToolCode</Filter>
    </ClCompile>
    <ClCompile Include="..\..\ToolKits\ToolCode\Markup.cpp">
      <Filter>ToolCode</Filter>
    </ClCompile>
    <ClCompile Include="..\..\ToolKits\ToolCode\Variant.cpp">
      <Filter>ToolCode</Filter>
    </ClCompile>
    <ClCompile Include="..\..\ToolKits\ToolCode\HttpClient.cpp">
      <Filter>ToolCode</Filter>
    </ClCompile>
    <ClCompile Include="..\..\ToolKits\ToolCode\MD5.CPP">
      <Filter>ToolCode</Filter>
    </ClCompile>
    <ClCompile Include="..\..\ToolKits\ToolCode\ServerObject.cpp">
      <Filter>ToolCode</Filter>
    </ClCompile>
    <ClCompile Include="PayQRCodeDlg.cpp">
      <Filter>源文件</Filter>
    </ClCompile>
    <ClCompile Include="EndUserApplyDlg.cpp">
      <Filter>源文件</Filter>
    </ClCompile>
    <ClCompile Include="ApplyCreditResultDlg.cpp">
      <Filter>源文件</Filter>
    </ClCompile>
    <ClCompile Include="..\..\ToolKits\ToolCode\LogFile.cpp">
      <Filter>ToolCode</Filter>
    </ClCompile>
    <ClCompile Include="..\..\ToolKits\VersionServ\LicenseManager.cpp">
      <Filter>源文件</Filter>
    </ClCompile>
    <ClCompile Include="..\..\ToolKits\VersionServ\soapC.cpp">
      <Filter>源文件</Filter>
    </ClCompile>
    <ClCompile Include="..\..\ToolKits\VersionServ\soapVersionServiceSoapProxy.cpp">
      <Filter>源文件</Filter>
    </ClCompile>
    <ClCompile Include="..\..\ToolKits\VersionServ\stdsoap2.cpp">
      <Filter>源文件</Filter>
    </ClCompile>
    <ClCompile Include="..\..\ToolKits\VersionServ\VER.cpp">
      <Filter>源文件</Filter>
    </ClCompile>
  </ItemGroup>
  <ItemGroup>
    <ClInclude Include="stdafx.h">
      <Filter>头文件</Filter>
    </ClInclude>
    <ClInclude Include="targetver.h">
      <Filter>头文件</Filter>
    </ClInclude>
    <ClInclude Include="Resource.h">
      <Filter>头文件</Filter>
    </ClInclude>
    <ClInclude Include="LicenseAuthorizeDlg.h">
      <Filter>头文件</Filter>
    </ClInclude>
    <ClInclude Include="LicenseServerActivatePage.h">
      <Filter>头文件</Filter>
    </ClInclude>
    <ClInclude Include="LicenseVirtualRentalPage.h">
      <Filter>头文件</Filter>
    </ClInclude>
    <ClInclude Include="LinkLabel.h">
      <Filter>头文件</Filter>
    </ClInclude>
    <ClInclude Include="XhLmd.h">
      <Filter>头文件</Filter>
    </ClInclude>
    <ClInclude Include="..\..\ToolKits\TowerCad\LicFuncDef.h">
      <Filter>TowerCad</Filter>
    </ClInclude>
    <ClInclude Include="..\..\ToolKits\ToolCode\ArrayList.h">
      <Filter>ToolCode</Filter>
    </ClInclude>
    <ClInclude Include="..\..\ToolKits\ToolCode\XhCharString.h">
      <Filter>ToolCode</Filter>
    </ClInclude>
    <ClInclude Include="..\..\ToolKits\ToolCode\Buffer.h">
      <Filter>ToolCode</Filter>
    </ClInclude>
    <ClInclude Include="..\..\ToolKits\ToolCode\Communication.h">
      <Filter>ToolCode</Filter>
    </ClInclude>
    <ClInclude Include="..\..\ToolKits\ToolCode\TempFile.h">
      <Filter>ToolCode</Filter>
    </ClInclude>
    <ClInclude Include="..\..\ToolKits\ToolCode\SocketObject.h">
      <Filter>ToolCode</Filter>
    </ClInclude>
    <ClInclude Include="XhLmdI.h">
      <Filter>头文件</Filter>
    </ClInclude>
    <ClInclude Include="..\..\ToolKits\ToolCode\WxPayAPI.h">
      <Filter>ToolCode</Filter>
    </ClInclude>
    <ClInclude Include="..\..\ToolKits\ToolCode\Markup.h">
      <Filter>ToolCode</Filter>
    </ClInclude>
    <ClInclude Include="..\..\ToolKits\ToolCode\Variant.h">
      <Filter>ToolCode</Filter>
    </ClInclude>
    <ClInclude Include="..\..\ToolKits\ToolCode\MD5.H">
      <Filter>ToolCode</Filter>
    </ClInclude>
    <ClInclude Include="..\..\ToolKits\ToolCode\HttpClient.h">
      <Filter>ToolCode</Filter>
    </ClInclude>
    <ClInclude Include="atom_list.h">
      <Filter>头文件</Filter>
    </ClInclude>
    <ClInclude Include="..\..\ToolKits\ToolCode\ServerObject.h">
      <Filter>ToolCode</Filter>
    </ClInclude>
    <ClInclude Include="PayQRCodeDlg.h">
      <Filter>源文件</Filter>
    </ClInclude>
    <ClInclude Include="EndUserApplyDlg.h">
      <Filter>源文件</Filter>
    </ClInclude>
    <ClInclude Include="ApplyCreditResultDlg.h">
      <Filter>源文件</Filter>
    </ClInclude>
    <ClInclude Include="..\..\ToolKits\ToolCode\LogFile.h">
      <Filter>ToolCode</Filter>
    </ClInclude>
    <ClInclude Include="..\..\ToolKits\VersionServ\LicenseManager.h">
      <Filter>头文件</Filter>
    </ClInclude>
    <ClInclude Include="..\..\ToolKits\VersionServ\soapH.h">
      <Filter>头文件</Filter>
    </ClInclude>
    <ClInclude Include="..\..\ToolKits\VersionServ\soapStub.h">
      <Filter>头文件</Filter>
    </ClInclude>
    <ClInclude Include="..\..\ToolKits\VersionServ\soapVersionServiceSoapProxy.h">
      <Filter>头文件</Filter>
    </ClInclude>
    <ClInclude Include="..\..\ToolKits\VersionServ\stdsoap2.h">
      <Filter>头文件</Filter>
    </ClInclude>
    <ClInclude Include="..\..\ToolKits\VersionServ\VER.h">
      <Filter>头文件</Filter>
    </ClInclude>
  </ItemGroup>
  <ItemGroup>
    <ResourceCompile Include="XhLmd.rc">
      <Filter>资源文件</Filter>
    </ResourceCompile>
  </ItemGroup>
</Project>